
Microsoft Visual Studio Solution File, Format Version 12.00
# Visual Studio Version 17
VisualStudioVersion = 17.7.34202.233
MinimumVisualStudioVersion = 10.0.40219.1
Project("{FAE04EC0-301F-11D3-BF4B-00C04F79EFBC}") = "cs_hw_three", "cs_hw_three.csproj", "{13A449FC-3AFC-4B14-AA08-BDA7D0D3E6A3}"
EndProject
Global
	GlobalSection(SolutionConfigurationPlatforms) = preSolution
		Debug|Any CPU = Debug|Any CPU
		Release|Any CPU = Release|Any CPU
	EndGlobalSection
	GlobalSection(ProjectConfigurationPlatforms) = postSolution
		{13A449FC-3AFC-4B14-AA08-BDA7D0D3E6A3}.Debug|Any CPU.ActiveCfg = Debug|Any CPU
		{13A449FC-3AFC-4B14-AA08-BDA7D0D3E6A3}.Debug|Any CPU.Build.0 = Debug|Any CPU
		{13A449FC-3AFC-4B14-AA08-BDA7D0D3E6A3}.Release|Any CPU.ActiveCfg = Release|Any CPU
		{13A449FC-3AFC-4B14-AA08-BDA7D0D3E6A3}.Release|Any CPU.Build.0 = Release|Any CPU
	EndGlobalSection
	GlobalSection(SolutionProperties) = preSolution
		HideSolutionNode = FALSE
	EndGlobalSection
	GlobalSection(ExtensibilityGlobals) = postSolution
		SolutionGuid = {59B56957-F1A7-4961-9C29-F7969D02AADB}
	EndGlobalSection
EndGlobal
